
Microsoft Visual Studio Solution File, Format Version 12.00
Project("{FAE04EC0-301F-11D3-BF4B-00C04F79EFBC}") = "c-sharp.exercise", "c-sharp.exercise\c-sharp.exercise.csproj", "{88C7A0A3-66DD-46EC-B2A5-BB4A4A27FD15}"
EndProject
Global
	GlobalSection(SolutionConfigurationPlatforms) = preSolution
		Debug|Any CPU = Debug|Any CPU
		Release|Any CPU = Release|Any CPU
	EndGlobalSection
	GlobalSection(ProjectConfigurationPlatforms) = postSolution
		{88C7A0A3-66DD-46EC-B2A5-BB4A4A27FD15}.Debug|Any CPU.ActiveCfg = Debug|Any CPU
		{88C7A0A3-66DD-46EC-B2A5-BB4A4A27FD15}.Debug|Any CPU.Build.0 = Debug|Any CPU
		{88C7A0A3-66DD-46EC-B2A5-BB4A4A27FD15}.Release|Any CPU.ActiveCfg = Release|Any CPU
		{88C7A0A3-66DD-46EC-B2A5-BB4A4A27FD15}.Release|Any CPU.Build.0 = Release|Any CPU
	EndGlobalSection
EndGlobal
