
Microsoft Visual Studio Solution File, Format Version 12.00
Project("{FAE04EC0-301F-11D3-BF4B-00C04F79EFBC}") = "exceptions", "exceptions\exceptions.csproj", "{1DA573DD-671F-45A4-8622-5D7DE069E90A}"
EndProject
Global
	GlobalSection(SolutionConfigurationPlatforms) = preSolution
		Debug|Any CPU = Debug|Any CPU
		Release|Any CPU = Release|Any CPU
	EndGlobalSection
	GlobalSection(ProjectConfigurationPlatforms) = postSolution
		{1DA573DD-671F-45A4-8622-5D7DE069E90A}.Debug|Any CPU.ActiveCfg = Debug|Any CPU
		{1DA573DD-671F-45A4-8622-5D7DE069E90A}.Debug|Any CPU.Build.0 = Debug|Any CPU
		{1DA573DD-671F-45A4-8622-5D7DE069E90A}.Release|Any CPU.ActiveCfg = Release|Any CPU
		{1DA573DD-671F-45A4-8622-5D7DE069E90A}.Release|Any CPU.Build.0 = Release|Any CPU
	EndGlobalSection
EndGlobal
